// !$*UTF8*$!
{
	archiveVersion = 1;
	classes = {
	};
	objectVersion = 46;
	objects = {

/* Begin PBXBuildFile section */
		2D48B18616EE8F0800C83CD2 /* check.png in Resources */ = {isa = PBXBuildFile; fileRef = 2D48B18416EE8F0800C83CD2 /* check.png */; };
		2D48B18716EE8F0800C83CD2 /* check@2x.png in Resources */ = {isa = PBXBuildFile; fileRef = 2D48B18516EE8F0800C83CD2 /* check@2x.png */; };
		849BE6EC16D4352100E03EEC /* UIKit.framework in Frameworks */ = {isa = PBXBuildFile; fileRef = 849BE6EB16D4352100E03EEC /* UIKit.framework */; };
		849BE6EE16D4352100E03EEC /* Foundation.framework in Frameworks */ = {isa = PBXBuildFile; fileRef = 849BE6ED16D4352100E03EEC /* Foundation.framework */; };
		849BE6F016D4352100E03EEC /* CoreGraphics.framework in Frameworks */ = {isa = PBXBuildFile; fileRef = 849BE6EF16D4352100E03EEC /* CoreGraphics.framework */; };
		849BE6F616D4352100E03EEC /* InfoPlist.strings in Resources */ = {isa = PBXBuildFile; fileRef = 849BE6F416D4352100E03EEC /* InfoPlist.strings */; };
		849BE6F816D4352100E03EEC /* main.m in Sources */ = {isa = PBXBuildFile; fileRef = 849BE6F716D4352100E03EEC /* main.m */; };
		849BE6FC16D4352100E03EEC /* AppDelegate.m in Sources */ = {isa = PBXBuildFile; fileRef = 849BE6FB16D4352100E03EEC /* AppDelegate.m */; };
		849BE6FE16D4352100E03EEC /* Default.png in Resources */ = {isa = PBXBuildFile; fileRef = 849BE6FD16D4352100E03EEC /* Default.png */; };
		849BE70016D4352100E03EEC /* Default@2x.png in Resources */ = {isa = PBXBuildFile; fileRef = 849BE6FF16D4352100E03EEC /* Default@2x.png */; };
		849BE70216D4352100E03EEC /* Default-568h@2x.png in Resources */ = {isa = PBXBuildFile; fileRef = 849BE70116D4352100E03EEC /* Default-568h@2x.png */; };
		849BE70516D4352100E03EEC /* MainStoryboard_iPhone.storyboard in Resources */ = {isa = PBXBuildFile; fileRef = 849BE70316D4352100E03EEC /* MainStoryboard_iPhone.storyboard */; };
		849BE70B16D4352100E03EEC /* MainViewController.m in Sources */ = {isa = PBXBuildFile; fileRef = 849BE70A16D4352100E03EEC /* MainViewController.m */; };
		849BE72A16D4401C00E03EEC /* libPayPalMobile.a in Frameworks */ = {isa = PBXBuildFile; fileRef = 849BE72616D4401C00E03EEC /* libPayPalMobile.a */; };
		849BE74016D440D700E03EEC /* AudioToolbox.framework in Frameworks */ = {isa = PBXBuildFile; fileRef = 849BE72E16D440B100E03EEC /* AudioToolbox.framework */; };
		849BE74116D440D700E03EEC /* CoreMedia.framework in Frameworks */ = {isa = PBXBuildFile; fileRef = 849BE72F16D440B100E03EEC /* CoreMedia.framework */; };
		849BE74216D440D700E03EEC /* CoreVideo.framework in Frameworks */ = {isa = PBXBuildFile; fileRef = 849BE73016D440B100E03EEC /* CoreVideo.framework */; };
		849BE74316D440D700E03EEC /* libxml2.dylib in Frameworks */ = {isa = PBXBuildFile; fileRef = 849BE73116D440B100E03EEC /* libxml2.dylib */; };
		849BE74416D440D700E03EEC /* MessageUI.framework in Frameworks */ = {isa = PBXBuildFile; fileRef = 849BE73216D440B100E03EEC /* MessageUI.framework */; };
		849BE74516D440D700E03EEC /* MobileCoreServices.framework in Frameworks */ = {isa = PBXBuildFile; fileRef = 849BE73316D440B200E03EEC /* MobileCoreServices.framework */; };
		849BE74616D440D700E03EEC /* OpenGLES.framework in Frameworks */ = {isa = PBXBuildFile; fileRef = 849BE73416D440B200E03EEC /* OpenGLES.framework */; };
		849BE74716D440D700E03EEC /* QuartzCore.framework in Frameworks */ = {isa = PBXBuildFile; fileRef = 849BE73516D440B200E03EEC /* QuartzCore.framework */; };
		849BE74816D440D700E03EEC /* Security.framework in Frameworks */ = {isa = PBXBuildFile; fileRef = 849BE73616D440B200E03EEC /* Security.framework */; };
		849BE74916D440D700E03EEC /* AVFoundation.framework in Frameworks */ = {isa = PBXBuildFile; fileRef = 849BE72C16D4407D00E03EEC /* AVFoundation.framework */; };
		849BE74E16D443EC00E03EEC /* button_secondary_selected.png in Resources */ = {isa = PBXBuildFile; fileRef = 849BE74A16D443EC00E03EEC /* button_secondary_selected.png */; };
		849BE74F16D443EC00E03EEC /* button_secondary_selected@2x.png in Resources */ = {isa = PBXBuildFile; fileRef = 849BE74B16D443EC00E03EEC /* button_secondary_selected@2x.png */; };
		849BE75016D443EC00E03EEC /* button_secondary.png in Resources */ = {isa = PBXBuildFile; fileRef = 849BE74C16D443EC00E03EEC /* button_secondary.png */; };
		849BE75116D443EC00E03EEC /* button_secondary@2x.png in Resources */ = {isa = PBXBuildFile; fileRef = 849BE74D16D443EC00E03EEC /* button_secondary@2x.png */; };
		AE1687AC19846A6A00F8C2F5 /* MiniBike3.png in Resources */ = {isa = PBXBuildFile; fileRef = AE1687A619846A6A00F8C2F5 /* MiniBike3.png */; };
		AE1687AD19846A6A00F8C2F5 /* MiniBike2.png in Resources */ = {isa = PBXBuildFile; fileRef = AE1687A719846A6A00F8C2F5 /* MiniBike2.png */; };
		AE1687AE19846A6A00F8C2F5 /* MiniBike1.png in Resources */ = {isa = PBXBuildFile; fileRef = AE1687A819846A6A00F8C2F5 /* MiniBike1.png */; };
		AE1687AF19846A6A00F8C2F5 /* MiniBike3@2x.png in Resources */ = {isa = PBXBuildFile; fileRef = AE1687A919846A6A00F8C2F5 /* MiniBike3@2x.png */; };
		AE1687B019846A6A00F8C2F5 /* MiniBike2@2x.png in Resources */ = {isa = PBXBuildFile; fileRef = AE1687AA19846A6A00F8C2F5 /* MiniBike2@2x.png */; };
		AE1687B119846A6A00F8C2F5 /* MiniBike1@2x.png in Resources */ = {isa = PBXBuildFile; fileRef = AE1687AB19846A6A00F8C2F5 /* MiniBike1@2x.png */; };
		AECF93721984331300A1B12D /* BikeMini-11.png in Resources */ = {isa = PBXBuildFile; fileRef = AECF93711984331300A1B12D /* BikeMini-11.png */; };
		AECF937519843D2E00A1B12D /* Bicycle.m in Sources */ = {isa = PBXBuildFile; fileRef = AECF937419843D2E00A1B12D /* Bicycle.m */; };
		AECF9377198446A700A1B12D /* ios_sample_icon.png in Resources */ = {isa = PBXBuildFile; fileRef = AECF9376198446A700A1B12D /* ios_sample_icon.png */; };
		AECF9379198446B200A1B12D /* ios_sample_icon@2x.png in Resources */ = {isa = PBXBuildFile; fileRef = AECF9378198446B200A1B12D /* ios_sample_icon@2x.png */; };
		AECF937C1984495800A1B12D /* BikeMini-13.png in Resources */ = {isa = PBXBuildFile; fileRef = AECF937A1984495800A1B12D /* BikeMini-13.png */; };
		AECF937D1984495800A1B12D /* BikeMini-12.png in Resources */ = {isa = PBXBuildFile; fileRef = AECF937B1984495800A1B12D /* BikeMini-12.png */; };
		C928124A19843EB700BA09F6 /* BackToHomeBtn.png in Resources */ = {isa = PBXBuildFile; fileRef = C928124919843EB700BA09F6 /* BackToHomeBtn.png */; };
		C928124C19843EBF00BA09F6 /* BackToHomeBtn@2x.png in Resources */ = {isa = PBXBuildFile; fileRef = C928124B19843EBF00BA09F6 /* BackToHomeBtn@2x.png */; };
		C92E2DD519840686007CB709 /* MapKit.framework in Frameworks */ = {isa = PBXBuildFile; fileRef = C9CD62851983E0EC0028B08C /* MapKit.framework */; };
		C92E2DDB1984080A007CB709 /* BikePhoto.png in Resources */ = {isa = PBXBuildFile; fileRef = C92E2DD71984080A007CB709 /* BikePhoto.png */; };
		C92E2DDC1984080A007CB709 /* BikePhoto@2x.png in Resources */ = {isa = PBXBuildFile; fileRef = C92E2DD81984080A007CB709 /* BikePhoto@2x.png */; };
		C92E2DDD1984080A007CB709 /* RideThisBikeBtn.png in Resources */ = {isa = PBXBuildFile; fileRef = C92E2DD91984080A007CB709 /* RideThisBikeBtn.png */; };
		C92E2DDE1984080A007CB709 /* RideThisBikeBtn@2x.png in Resources */ = {isa = PBXBuildFile; fileRef = C92E2DDA1984080A007CB709 /* RideThisBikeBtn@2x.png */; };
		C92E2DE119840BE9007CB709 /* Helmet@2x.png in Resources */ = {isa = PBXBuildFile; fileRef = C92E2DDF19840BE9007CB709 /* Helmet@2x.png */; };
		C92E2DE419840D20007CB709 /* Helmet.png in Resources */ = {isa = PBXBuildFile; fileRef = C92E2DE319840D20007CB709 /* Helmet.png */; };
		C9337F51198425C600F2E877 /* ReturnedBikeViewController.m in Sources */ = {isa = PBXBuildFile; fileRef = C9337F50198425C600F2E877 /* ReturnedBikeViewController.m */; };
		C936E8E6198422550066DED0 /* RidingModeViewController.m in Sources */ = {isa = PBXBuildFile; fileRef = C936E8E5198422550066DED0 /* RidingModeViewController.m */; };
		C93A522B19846976008CB124 /* LightRectangleSmall.png in Resources */ = {isa = PBXBuildFile; fileRef = C93A522919846976008CB124 /* LightRectangleSmall.png */; };
		C93A522C19846976008CB124 /* LightRectangleSmall@2x.png in Resources */ = {isa = PBXBuildFile; fileRef = C93A522A19846976008CB124 /* LightRectangleSmall@2x.png */; };
		C93A522F19846F98008CB124 /* DonateSmallBtn.png in Resources */ = {isa = PBXBuildFile; fileRef = C93A522D19846F98008CB124 /* DonateSmallBtn.png */; };
		C93A523019846F98008CB124 /* DonateSmallBtn@2x.png in Resources */ = {isa = PBXBuildFile; fileRef = C93A522E19846F98008CB124 /* DonateSmallBtn@2x.png */; };
		C93A523919846FFD008CB124 /* Speedster@2x.png in Resources */ = {isa = PBXBuildFile; fileRef = C93A523119846FFD008CB124 /* Speedster@2x.png */; };
		C93A523A19846FFD008CB124 /* Speedster.png in Resources */ = {isa = PBXBuildFile; fileRef = C93A523219846FFD008CB124 /* Speedster.png */; };
		C93A523B19846FFD008CB124 /* Sally@2x.png in Resources */ = {isa = PBXBuildFile; fileRef = C93A523319846FFD008CB124 /* Sally@2x.png */; };
		C93A523C19846FFD008CB124 /* Sally.png in Resources */ = {isa = PBXBuildFile; fileRef = C93A523419846FFD008CB124 /* Sally.png */; };
		C93A523D19846FFD008CB124 /* Pikachu@2x.png in Resources */ = {isa = PBXBuildFile; fileRef = C93A523519846FFD008CB124 /* Pikachu@2x.png */; };
		C93A523E19846FFD008CB124 /* Pikachu.png in Resources */ = {isa = PBXBuildFile; fileRef = C93A523619846FFD008CB124 /* Pikachu.png */; };
		C93A523F19846FFD008CB124 /* Dragon@2x.png in Resources */ = {isa = PBXBuildFile; fileRef = C93A523719846FFD008CB124 /* Dragon@2x.png */; };
		C93A524019846FFD008CB124 /* Dragon.png in Resources */ = {isa = PBXBuildFile; fileRef = C93A523819846FFD008CB124 /* Dragon.png */; };
		C93A5243198470D1008CB124 /* ImDoneRiding.png in Resources */ = {isa = PBXBuildFile; fileRef = C93A5241198470D1008CB124 /* ImDoneRiding.png */; };
		C93A5244198470D1008CB124 /* ImDoneRiding@2x.png in Resources */ = {isa = PBXBuildFile; fileRef = C93A5242198470D1008CB124 /* ImDoneRiding@2x.png */; };
		C98D299A1983D59000F24042 /* CFNetwork.framework in Frameworks */ = {isa = PBXBuildFile; fileRef = C98D29991983D59000F24042 /* CFNetwork.framework */; };
		C98D299C1983D5AB00F24042 /* libz.dylib in Frameworks */ = {isa = PBXBuildFile; fileRef = C98D299B1983D5AB00F24042 /* libz.dylib */; };
		C98D299E1983D5B900F24042 /* StoreKit.framework in Frameworks */ = {isa = PBXBuildFile; fileRef = C98D299D1983D5B900F24042 /* StoreKit.framework */; };
		C98D9E251983E33500C8C102 /* BikeDetailViewController.m in Sources */ = {isa = PBXBuildFile; fileRef = C98D9E241983E33500C8C102 /* BikeDetailViewController.m */; };
		C9AA606D1983D6D9000A48BC /* Social.framework in Frameworks */ = {isa = PBXBuildFile; fileRef = C9AA606C1983D6D9000A48BC /* Social.framework */; };
		C9AA606F1983D707000A48BC /* FacebookSDK.framework in Frameworks */ = {isa = PBXBuildFile; fileRef = C9AA606E1983D707000A48BC /* FacebookSDK.framework */; };
		C9AA60711983D71E000A48BC /* Parse.framework in Frameworks */ = {isa = PBXBuildFile; fileRef = C9AA60701983D71E000A48BC /* Parse.framework */; };
		C9AA60731983D74B000A48BC /* Accounts.framework in Frameworks */ = {isa = PBXBuildFile; fileRef = C9AA60721983D74B000A48BC /* Accounts.framework */; };
		C9CD628B1983E1D50028B08C /* MapViewController.m in Sources */ = {isa = PBXBuildFile; fileRef = C9CD628A1983E1D50028B08C /* MapViewController.m */; };
		C9D1A52B1983E37D002512BD /* MyAnnotation.m in Sources */ = {isa = PBXBuildFile; fileRef = C9D1A52A1983E37D002512BD /* MyAnnotation.m */; };
		C9DE7C681984327700DABCDE /* LightRectangleLarge.png in Resources */ = {isa = PBXBuildFile; fileRef = C9DE7C661984327700DABCDE /* LightRectangleLarge.png */; };
		C9DE7C691984327700DABCDE /* LightRectangleLarge@2x.png in Resources */ = {isa = PBXBuildFile; fileRef = C9DE7C671984327700DABCDE /* LightRectangleLarge@2x.png */; };
		C9DE7C6C1984330E00DABCDE /* Collect.png in Resources */ = {isa = PBXBuildFile; fileRef = C9DE7C6A1984330E00DABCDE /* Collect.png */; };
		C9DE7C6D1984330E00DABCDE /* Collect@2x.png in Resources */ = {isa = PBXBuildFile; fileRef = C9DE7C6B1984330E00DABCDE /* Collect@2x.png */; };
		C9DE7C701984345200DABCDE /* Donate15.png in Resources */ = {isa = PBXBuildFile; fileRef = C9DE7C6E1984345200DABCDE /* Donate15.png */; };
		C9DE7C711984345200DABCDE /* Donate15@2x.png in Resources */ = {isa = PBXBuildFile; fileRef = C9DE7C6F1984345200DABCDE /* Donate15@2x.png */; };
		C9E7F17F198423F8008F1E6F /* PixelBike.png in Resources */ = {isa = PBXBuildFile; fileRef = C9E7F17D198423F8008F1E6F /* PixelBike.png */; };
		C9E7F180198423F8008F1E6F /* PixelBike@2x.png in Resources */ = {isa = PBXBuildFile; fileRef = C9E7F17E198423F8008F1E6F /* PixelBike@2x.png */; };
		C9E7F182198424C7008F1E6F /* CancelBtn@2x.png in Resources */ = {isa = PBXBuildFile; fileRef = C9E7F181198424C7008F1E6F /* CancelBtn@2x.png */; };
		C9E7F184198424CE008F1E6F /* CancelBtn.png in Resources */ = {isa = PBXBuildFile; fileRef = C9E7F183198424CE008F1E6F /* CancelBtn.png */; };
		C9F1C597198450B100DA2F4A /* ThankYouViewController.m in Sources */ = {isa = PBXBuildFile; fileRef = C9F1C596198450B100DA2F4A /* ThankYouViewController.m */; };
		C9F1C59B1984544900DA2F4A /* Black Rider.png in Resources */ = {isa = PBXBuildFile; fileRef = C9F1C5991984544900DA2F4A /* Black Rider.png */; };
		C9F1C59C1984544900DA2F4A /* Black Rider@2x.png in Resources */ = {isa = PBXBuildFile; fileRef = C9F1C59A1984544900DA2F4A /* Black Rider@2x.png */; };
		C9F1C59E198458AE00DA2F4A /* OkTakeTheMoneyBtn.png in Resources */ = {isa = PBXBuildFile; fileRef = C9F1C59D198458AE00DA2F4A /* OkTakeTheMoneyBtn.png */; };
		C9F1C5A0198458B700DA2F4A /* OkTakeTheMoneyBtn@2x.png in Resources */ = {isa = PBXBuildFile; fileRef = C9F1C59F198458B700DA2F4A /* OkTakeTheMoneyBtn@2x.png */; };
		C9F1C5A319845A7200DA2F4A /* Lock.png in Resources */ = {isa = PBXBuildFile; fileRef = C9F1C5A119845A7200DA2F4A /* Lock.png */; };
		C9F1C5A419845A7200DA2F4A /* Lock@2x.png in Resources */ = {isa = PBXBuildFile; fileRef = C9F1C5A219845A7200DA2F4A /* Lock@2x.png */; };
		C9F1C5A719845C6800DA2F4A /* Black Rider_Owner.png in Resources */ = {isa = PBXBuildFile; fileRef = C9F1C5A519845C6800DA2F4A /* Black Rider_Owner.png */; };
		C9F1C5A819845C6800DA2F4A /* Black Rider__Owner@2x.png in Resources */ = {isa = PBXBuildFile; fileRef = C9F1C5A619845C6800DA2F4A /* Black Rider__Owner@2x.png */; };
		C9F1C5AB19845F5800DA2F4A /* PayDepositViewController.m in Sources */ = {isa = PBXBuildFile; fileRef = C9F1C5AA19845F5800DA2F4A /* PayDepositViewController.m */; };
		D5463464178F5A2800A2D5F6 /* SystemConfiguration.framework in Frameworks */ = {isa = PBXBuildFile; fileRef = D5463463178F5A2800A2D5F6 /* SystemConfiguration.framework */; };
		D5709F301884CDBF00CCD3CA /* CoreLocation.framework in Frameworks */ = {isa = PBXBuildFile; fileRef = D5709F2F1884CDBF00CCD3CA /* CoreLocation.framework */; };
/* End PBXBuildFile section */

/* Begin PBXFileReference section */
		2D48B18416EE8F0800C83CD2 /* check.png */ = {isa = PBXFileReference; lastKnownFileType = image.png; path = check.png; sourceTree = "<group>"; };
		2D48B18516EE8F0800C83CD2 /* check@2x.png */ = {isa = PBXFileReference; lastKnownFileType = image.png; path = "check@2x.png"; sourceTree = "<group>"; };
		849BE6E816D4352100E03EEC /* WildBikesPaypalParse.app */ = {isa = PBXFileReference; explicitFileType = wrapper.application; includeInIndex = 0; path = WildBikesPaypalParse.app; sourceTree = BUILT_PRODUCTS_DIR; };
		849BE6EB16D4352100E03EEC /* UIKit.framework */ = {isa = PBXFileReference; lastKnownFileType = wrapper.framework; name = UIKit.framework; path = System/Library/Frameworks/UIKit.framework; sourceTree = SDKROOT; };
		849BE6ED16D4352100E03EEC /* Foundation.framework */ = {isa = PBXFileReference; lastKnownFileType = wrapper.framework; name = Foundation.framework; path = System/Library/Frameworks/Foundation.framework; sourceTree = SDKROOT; };
		849BE6EF16D4352100E03EEC /* CoreGraphics.framework */ = {isa = PBXFileReference; lastKnownFileType = wrapper.framework; name = CoreGraphics.framework; path = System/Library/Frameworks/CoreGraphics.framework; sourceTree = SDKROOT; };
		849BE6F316D4352100E03EEC /* WildBikesPaypalParse-Info.plist */ = {isa = PBXFileReference; lastKnownFileType = text.plist.xml; path = "WildBikesPaypalParse-Info.plist"; sourceTree = "<group>"; };
		849BE6F516D4352100E03EEC /* en */ = {isa = PBXFileReference; lastKnownFileType = text.plist.strings; name = en; path = en.lproj/InfoPlist.strings; sourceTree = "<group>"; };
		849BE6F716D4352100E03EEC /* main.m */ = {isa = PBXFileReference; lastKnownFileType = sourcecode.c.objc; path = main.m; sourceTree = "<group>"; };
		849BE6F916D4352100E03EEC /* WildBikesPaypalParse-Prefix.pch */ = {isa = PBXFileReference; lastKnownFileType = sourcecode.c.h; path = "WildBikesPaypalParse-Prefix.pch"; sourceTree = "<group>"; };
		849BE6FA16D4352100E03EEC /* AppDelegate.h */ = {isa = PBXFileReference; lastKnownFileType = sourcecode.c.h; path = AppDelegate.h; sourceTree = "<group>"; };
		849BE6FB16D4352100E03EEC /* AppDelegate.m */ = {isa = PBXFileReference; lastKnownFileType = sourcecode.c.objc; path = AppDelegate.m; sourceTree = "<group>"; };
		849BE6FD16D4352100E03EEC /* Default.png */ = {isa = PBXFileReference; lastKnownFileType = image.png; path = Default.png; sourceTree = "<group>"; };
		849BE6FF16D4352100E03EEC /* Default@2x.png */ = {isa = PBXFileReference; lastKnownFileType = image.png; path = "Default@2x.png"; sourceTree = "<group>"; };
		849BE70116D4352100E03EEC /* Default-568h@2x.png */ = {isa = PBXFileReference; lastKnownFileType = image.png; path = "Default-568h@2x.png"; sourceTree = "<group>"; };
		849BE70416D4352100E03EEC /* en */ = {isa = PBXFileReference; lastKnownFileType = file.storyboard; name = en; path = en.lproj/MainStoryboard_iPhone.storyboard; sourceTree = "<group>"; };
		849BE70916D4352100E03EEC /* MainViewController.h */ = {isa = PBXFileReference; lastKnownFileType = sourcecode.c.h; path = MainViewController.h; sourceTree = "<group>"; };
		849BE70A16D4352100E03EEC /* MainViewController.m */ = {isa = PBXFileReference; lastKnownFileType = sourcecode.c.objc; path = MainViewController.m; sourceTree = "<group>"; };
		849BE72616D4401C00E03EEC /* libPayPalMobile.a */ = {isa = PBXFileReference; lastKnownFileType = archive.ar; name = libPayPalMobile.a; path = ../PayPalMobile/libPayPalMobile.a; sourceTree = "<group>"; };
		849BE72716D4401C00E03EEC /* PayPalMobile.h */ = {isa = PBXFileReference; fileEncoding = 4; lastKnownFileType = sourcecode.c.h; name = PayPalMobile.h; path = ../PayPalMobile/PayPalMobile.h; sourceTree = "<group>"; };
		849BE72816D4401C00E03EEC /* PayPalPayment.h */ = {isa = PBXFileReference; fileEncoding = 4; lastKnownFileType = sourcecode.c.h; name = PayPalPayment.h; path = ../PayPalMobile/PayPalPayment.h; sourceTree = "<group>"; };
		849BE72916D4401C00E03EEC /* PayPalPaymentViewController.h */ = {isa = PBXFileReference; fileEncoding = 4; lastKnownFileType = sourcecode.c.h; name = PayPalPaymentViewController.h; path = ../PayPalMobile/PayPalPaymentViewController.h; sourceTree = "<group>"; };
		849BE72C16D4407D00E03EEC /* AVFoundation.framework */ = {isa = PBXFileReference; lastKnownFileType = wrapper.framework; name = AVFoundation.framework; path = System/Library/Frameworks/AVFoundation.framework; sourceTree = SDKROOT; };
		849BE72E16D440B100E03EEC /* AudioToolbox.framework */ = {isa = PBXFileReference; lastKnownFileType = wrapper.framework; name = AudioToolbox.framework; path = System/Library/Frameworks/AudioToolbox.framework; sourceTree = SDKROOT; };
		849BE72F16D440B100E03EEC /* CoreMedia.framework */ = {isa = PBXFileReference; lastKnownFileType = wrapper.framework; name = CoreMedia.framework; path = System/Library/Frameworks/CoreMedia.framework; sourceTree = SDKROOT; };
		849BE73016D440B100E03EEC /* CoreVideo.framework */ = {isa = PBXFileReference; lastKnownFileType = wrapper.framework; name = CoreVideo.framework; path = System/Library/Frameworks/CoreVideo.framework; sourceTree = SDKROOT; };
		849BE73116D440B100E03EEC /* libxml2.dylib */ = {isa = PBXFileReference; lastKnownFileType = "compiled.mach-o.dylib"; name = libxml2.dylib; path = usr/lib/libxml2.dylib; sourceTree = SDKROOT; };
		849BE73216D440B100E03EEC /* MessageUI.framework */ = {isa = PBXFileReference; lastKnownFileType = wrapper.framework; name = MessageUI.framework; path = System/Library/Frameworks/MessageUI.framework; sourceTree = SDKROOT; };
		849BE73316D440B200E03EEC /* MobileCoreServices.framework */ = {isa = PBXFileReference; lastKnownFileType = wrapper.framework; name = MobileCoreServices.framework; path = System/Library/Frameworks/MobileCoreServices.framework; sourceTree = SDKROOT; };
		849BE73416D440B200E03EEC /* OpenGLES.framework */ = {isa = PBXFileReference; lastKnownFileType = wrapper.framework; name = OpenGLES.framework; path = System/Library/Frameworks/OpenGLES.framework; sourceTree = SDKROOT; };
		849BE73516D440B200E03EEC /* QuartzCore.framework */ = {isa = PBXFileReference; lastKnownFileType = wrapper.framework; name = QuartzCore.framework; path = System/Library/Frameworks/QuartzCore.framework; sourceTree = SDKROOT; };
		849BE73616D440B200E03EEC /* Security.framework */ = {isa = PBXFileReference; lastKnownFileType = wrapper.framework; name = Security.framework; path = System/Library/Frameworks/Security.framework; sourceTree = SDKROOT; };
		849BE74A16D443EC00E03EEC /* button_secondary_selected.png */ = {isa = PBXFileReference; lastKnownFileType = image.png; path = button_secondary_selected.png; sourceTree = "<group>"; };
		849BE74B16D443EC00E03EEC /* button_secondary_selected@2x.png */ = {isa = PBXFileReference; lastKnownFileType = image.png; path = "button_secondary_selected@2x.png"; sourceTree = "<group>"; };
		849BE74C16D443EC00E03EEC /* button_secondary.png */ = {isa = PBXFileReference; lastKnownFileType = image.png; path = button_secondary.png; sourceTree = "<group>"; };
		849BE74D16D443EC00E03EEC /* button_secondary@2x.png */ = {isa = PBXFileReference; lastKnownFileType = image.png; path = "button_secondary@2x.png"; sourceTree = "<group>"; };
		AE1687A619846A6A00F8C2F5 /* MiniBike3.png */ = {isa = PBXFileReference; lastKnownFileType = image.png; path = MiniBike3.png; sourceTree = "<group>"; };
		AE1687A719846A6A00F8C2F5 /* MiniBike2.png */ = {isa = PBXFileReference; lastKnownFileType = image.png; path = MiniBike2.png; sourceTree = "<group>"; };
		AE1687A819846A6A00F8C2F5 /* MiniBike1.png */ = {isa = PBXFileReference; lastKnownFileType = image.png; path = MiniBike1.png; sourceTree = "<group>"; };
		AE1687A919846A6A00F8C2F5 /* MiniBike3@2x.png */ = {isa = PBXFileReference; lastKnownFileType = image.png; path = "MiniBike3@2x.png"; sourceTree = "<group>"; };
		AE1687AA19846A6A00F8C2F5 /* MiniBike2@2x.png */ = {isa = PBXFileReference; lastKnownFileType = image.png; path = "MiniBike2@2x.png"; sourceTree = "<group>"; };
		AE1687AB19846A6A00F8C2F5 /* MiniBike1@2x.png */ = {isa = PBXFileReference; lastKnownFileType = image.png; path = "MiniBike1@2x.png"; sourceTree = "<group>"; };
		AECF93711984331300A1B12D /* BikeMini-11.png */ = {isa = PBXFileReference; lastKnownFileType = image.png; path = "BikeMini-11.png"; sourceTree = "<group>"; };
		AECF937319843D2E00A1B12D /* Bicycle.h */ = {isa = PBXFileReference; fileEncoding = 4; lastKnownFileType = sourcecode.c.h; path = Bicycle.h; sourceTree = "<group>"; };
		AECF937419843D2E00A1B12D /* Bicycle.m */ = {isa = PBXFileReference; fileEncoding = 4; lastKnownFileType = sourcecode.c.objc; path = Bicycle.m; sourceTree = "<group>"; };
		AECF9376198446A700A1B12D /* ios_sample_icon.png */ = {isa = PBXFileReference; lastKnownFileType = image.png; path = ios_sample_icon.png; sourceTree = "<group>"; };
		AECF9378198446B200A1B12D /* ios_sample_icon@2x.png */ = {isa = PBXFileReference; lastKnownFileType = image.png; path = "ios_sample_icon@2x.png"; sourceTree = "<group>"; };
		AECF937A1984495800A1B12D /* BikeMini-13.png */ = {isa = PBXFileReference; lastKnownFileType = image.png; path = "BikeMini-13.png"; sourceTree = "<group>"; };
		AECF937B1984495800A1B12D /* BikeMini-12.png */ = {isa = PBXFileReference; lastKnownFileType = image.png; path = "BikeMini-12.png"; sourceTree = "<group>"; };
		C928124919843EB700BA09F6 /* BackToHomeBtn.png */ = {isa = PBXFileReference; lastKnownFileType = image.png; path = BackToHomeBtn.png; sourceTree = "<group>"; };
		C928124B19843EBF00BA09F6 /* BackToHomeBtn@2x.png */ = {isa = PBXFileReference; lastKnownFileType = image.png; path = "BackToHomeBtn@2x.png"; sourceTree = "<group>"; };
		C92E2DD71984080A007CB709 /* BikePhoto.png */ = {isa = PBXFileReference; lastKnownFileType = image.png; path = BikePhoto.png; sourceTree = "<group>"; };
		C92E2DD81984080A007CB709 /* BikePhoto@2x.png */ = {isa = PBXFileReference; lastKnownFileType = image.png; path = "BikePhoto@2x.png"; sourceTree = "<group>"; };
		C92E2DD91984080A007CB709 /* RideThisBikeBtn.png */ = {isa = PBXFileReference; lastKnownFileType = image.png; path = RideThisBikeBtn.png; sourceTree = "<group>"; };
		C92E2DDA1984080A007CB709 /* RideThisBikeBtn@2x.png */ = {isa = PBXFileReference; lastKnownFileType = image.png; path = "RideThisBikeBtn@2x.png"; sourceTree = "<group>"; };
		C92E2DDF19840BE9007CB709 /* Helmet@2x.png */ = {isa = PBXFileReference; lastKnownFileType = image.png; path = "Helmet@2x.png"; sourceTree = "<group>"; };
		C92E2DE319840D20007CB709 /* Helmet.png */ = {isa = PBXFileReference; lastKnownFileType = image.png; path = Helmet.png; sourceTree = "<group>"; };
		C9337F4F198425C600F2E877 /* ReturnedBikeViewController.h */ = {isa = PBXFileReference; fileEncoding = 4; lastKnownFileType = sourcecode.c.h; path = ReturnedBikeViewController.h; sourceTree = "<group>"; };
		C9337F50198425C600F2E877 /* ReturnedBikeViewController.m */ = {isa = PBXFileReference; fileEncoding = 4; lastKnownFileType = sourcecode.c.objc; path = ReturnedBikeViewController.m; sourceTree = "<group>"; };
		C936E8E4198422550066DED0 /* RidingModeViewController.h */ = {isa = PBXFileReference; fileEncoding = 4; lastKnownFileType = sourcecode.c.h; path = RidingModeViewController.h; sourceTree = "<group>"; };
		C936E8E5198422550066DED0 /* RidingModeViewController.m */ = {isa = PBXFileReference; fileEncoding = 4; lastKnownFileType = sourcecode.c.objc; path = RidingModeViewController.m; sourceTree = "<group>"; };
		C93A522919846976008CB124 /* LightRectangleSmall.png */ = {isa = PBXFileReference; lastKnownFileType = image.png; path = LightRectangleSmall.png; sourceTree = "<group>"; };
		C93A522A19846976008CB124 /* LightRectangleSmall@2x.png */ = {isa = PBXFileReference; lastKnownFileType = image.png; path = "LightRectangleSmall@2x.png"; sourceTree = "<group>"; };
		C93A522D19846F98008CB124 /* DonateSmallBtn.png */ = {isa = PBXFileReference; lastKnownFileType = image.png; path = DonateSmallBtn.png; sourceTree = "<group>"; };
		C93A522E19846F98008CB124 /* DonateSmallBtn@2x.png */ = {isa = PBXFileReference; lastKnownFileType = image.png; path = "DonateSmallBtn@2x.png"; sourceTree = "<group>"; };
		C93A523119846FFD008CB124 /* Speedster@2x.png */ = {isa = PBXFileReference; lastKnownFileType = image.png; path = "Speedster@2x.png"; sourceTree = "<group>"; };
		C93A523219846FFD008CB124 /* Speedster.png */ = {isa = PBXFileReference; lastKnownFileType = image.png; path = Speedster.png; sourceTree = "<group>"; };
		C93A523319846FFD008CB124 /* Sally@2x.png */ = {isa = PBXFileReference; lastKnownFileType = image.png; path = "Sally@2x.png"; sourceTree = "<group>"; };
		C93A523419846FFD008CB124 /* Sally.png */ = {isa = PBXFileReference; lastKnownFileType = image.png; path = Sally.png; sourceTree = "<group>"; };
		C93A523519846FFD008CB124 /* Pikachu@2x.png */ = {isa = PBXFileReference; lastKnownFileType = image.png; path = "Pikachu@2x.png"; sourceTree = "<group>"; };
		C93A523619846FFD008CB124 /* Pikachu.png */ = {isa = PBXFileReference; lastKnownFileType = image.png; path = Pikachu.png; sourceTree = "<group>"; };
		C93A523719846FFD008CB124 /* Dragon@2x.png */ = {isa = PBXFileReference; lastKnownFileType = image.png; path = "Dragon@2x.png"; sourceTree = "<group>"; };
		C93A523819846FFD008CB124 /* Dragon.png */ = {isa = PBXFileReference; lastKnownFileType = image.png; path = Dragon.png; sourceTree = "<group>"; };
		C93A5241198470D1008CB124 /* ImDoneRiding.png */ = {isa = PBXFileReference; lastKnownFileType = image.png; path = ImDoneRiding.png; sourceTree = "<group>"; };
		C93A5242198470D1008CB124 /* ImDoneRiding@2x.png */ = {isa = PBXFileReference; lastKnownFileType = image.png; path = "ImDoneRiding@2x.png"; sourceTree = "<group>"; };
		C98D29991983D59000F24042 /* CFNetwork.framework */ = {isa = PBXFileReference; lastKnownFileType = wrapper.framework; name = CFNetwork.framework; path = System/Library/Frameworks/CFNetwork.framework; sourceTree = SDKROOT; };
		C98D299B1983D5AB00F24042 /* libz.dylib */ = {isa = PBXFileReference; lastKnownFileType = "compiled.mach-o.dylib"; name = libz.dylib; path = usr/lib/libz.dylib; sourceTree = SDKROOT; };
		C98D299D1983D5B900F24042 /* StoreKit.framework */ = {isa = PBXFileReference; lastKnownFileType = wrapper.framework; name = StoreKit.framework; path = System/Library/Frameworks/StoreKit.framework; sourceTree = SDKROOT; };
		C98D9E231983E33500C8C102 /* BikeDetailViewController.h */ = {isa = PBXFileReference; fileEncoding = 4; lastKnownFileType = sourcecode.c.h; path = BikeDetailViewController.h; sourceTree = "<group>"; };
		C98D9E241983E33500C8C102 /* BikeDetailViewController.m */ = {isa = PBXFileReference; fileEncoding = 4; lastKnownFileType = sourcecode.c.objc; path = BikeDetailViewController.m; sourceTree = "<group>"; };
		C9AA606C1983D6D9000A48BC /* Social.framework */ = {isa = PBXFileReference; lastKnownFileType = wrapper.framework; name = Social.framework; path = System/Library/Frameworks/Social.framework; sourceTree = SDKROOT; };
		C9AA606E1983D707000A48BC /* FacebookSDK.framework */ = {isa = PBXFileReference; lastKnownFileType = wrapper.framework; path = FacebookSDK.framework; sourceTree = "<group>"; };
		C9AA60701983D71E000A48BC /* Parse.framework */ = {isa = PBXFileReference; lastKnownFileType = wrapper.framework; path = Parse.framework; sourceTree = "<group>"; };
		C9AA60721983D74B000A48BC /* Accounts.framework */ = {isa = PBXFileReference; lastKnownFileType = wrapper.framework; name = Accounts.framework; path = System/Library/Frameworks/Accounts.framework; sourceTree = SDKROOT; };
		C9CD62851983E0EC0028B08C /* MapKit.framework */ = {isa = PBXFileReference; lastKnownFileType = wrapper.framework; name = MapKit.framework; path = System/Library/Frameworks/MapKit.framework; sourceTree = SDKROOT; };
		C9CD62871983E1070028B08C /* XCTest.framework */ = {isa = PBXFileReference; lastKnownFileType = wrapper.framework; name = XCTest.framework; path = Library/Frameworks/XCTest.framework; sourceTree = DEVELOPER_DIR; };
		C9CD62891983E1D50028B08C /* MapViewController.h */ = {isa = PBXFileReference; fileEncoding = 4; lastKnownFileType = sourcecode.c.h; path = MapViewController.h; sourceTree = "<group>"; };
		C9CD628A1983E1D50028B08C /* MapViewController.m */ = {isa = PBXFileReference; fileEncoding = 4; lastKnownFileType = sourcecode.c.objc; path = MapViewController.m; sourceTree = "<group>"; };
		C9D1A5291983E37D002512BD /* MyAnnotation.h */ = {isa = PBXFileReference; fileEncoding = 4; lastKnownFileType = sourcecode.c.h; path = MyAnnotation.h; sourceTree = "<group>"; };
		C9D1A52A1983E37D002512BD /* MyAnnotation.m */ = {isa = PBXFileReference; fileEncoding = 4; lastKnownFileType = sourcecode.c.objc; path = MyAnnotation.m; sourceTree = "<group>"; };
		C9DE7C661984327700DABCDE /* LightRectangleLarge.png */ = {isa = PBXFileReference; lastKnownFileType = image.png; path = LightRectangleLarge.png; sourceTree = "<group>"; };
		C9DE7C671984327700DABCDE /* LightRectangleLarge@2x.png */ = {isa = PBXFileReference; lastKnownFileType = image.png; path = "LightRectangleLarge@2x.png"; sourceTree = "<group>"; };
		C9DE7C6A1984330E00DABCDE /* Collect.png */ = {isa = PBXFileReference; lastKnownFileType = image.png; path = Collect.png; sourceTree = "<group>"; };
		C9DE7C6B1984330E00DABCDE /* Collect@2x.png */ = {isa = PBXFileReference; lastKnownFileType = image.png; path = "Collect@2x.png"; sourceTree = "<group>"; };
		C9DE7C6E1984345200DABCDE /* Donate15.png */ = {isa = PBXFileReference; lastKnownFileType = image.png; path = Donate15.png; sourceTree = "<group>"; };
		C9DE7C6F1984345200DABCDE /* Donate15@2x.png */ = {isa = PBXFileReference; lastKnownFileType = image.png; path = "Donate15@2x.png"; sourceTree = "<group>"; };
		C9E7F17D198423F8008F1E6F /* PixelBike.png */ = {isa = PBXFileReference; lastKnownFileType = image.png; path = PixelBike.png; sourceTree = "<group>"; };
		C9E7F17E198423F8008F1E6F /* PixelBike@2x.png */ = {isa = PBXFileReference; lastKnownFileType = image.png; path = "PixelBike@2x.png"; sourceTree = "<group>"; };
		C9E7F181198424C7008F1E6F /* CancelBtn@2x.png */ = {isa = PBXFileReference; lastKnownFileType = image.png; path = "CancelBtn@2x.png"; sourceTree = "<group>"; };
		C9E7F183198424CE008F1E6F /* CancelBtn.png */ = {isa = PBXFileReference; lastKnownFileType = image.png; path = CancelBtn.png; sourceTree = "<group>"; };
		C9F1C595198450B100DA2F4A /* ThankYouViewController.h */ = {isa = PBXFileReference; fileEncoding = 4; lastKnownFileType = sourcecode.c.h; path = ThankYouViewController.h; sourceTree = "<group>"; };
		C9F1C596198450B100DA2F4A /* ThankYouViewController.m */ = {isa = PBXFileReference; fileEncoding = 4; lastKnownFileType = sourcecode.c.objc; path = ThankYouViewController.m; sourceTree = "<group>"; };
		C9F1C5991984544900DA2F4A /* Black Rider.png */ = {isa = PBXFileReference; lastKnownFileType = image.png; path = "Black Rider.png"; sourceTree = "<group>"; };
		C9F1C59A1984544900DA2F4A /* Black Rider@2x.png */ = {isa = PBXFileReference; lastKnownFileType = image.png; path = "Black Rider@2x.png"; sourceTree = "<group>"; };
		C9F1C59D198458AE00DA2F4A /* OkTakeTheMoneyBtn.png */ = {isa = PBXFileReference; lastKnownFileType = image.png; path = OkTakeTheMoneyBtn.png; sourceTree = "<group>"; };
		C9F1C59F198458B700DA2F4A /* OkTakeTheMoneyBtn@2x.png */ = {isa = PBXFileReference; lastKnownFileType = image.png; path = "OkTakeTheMoneyBtn@2x.png"; sourceTree = "<group>"; };
		C9F1C5A119845A7200DA2F4A /* Lock.png */ = {isa = PBXFileReference; lastKnownFileType = image.png; path = Lock.png; sourceTree = "<group>"; };
		C9F1C5A219845A7200DA2F4A /* Lock@2x.png */ = {isa = PBXFileReference; lastKnownFileType = image.png; path = "Lock@2x.png"; sourceTree = "<group>"; };
		C9F1C5A519845C6800DA2F4A /* Black Rider_Owner.png */ = {isa = PBXFileReference; lastKnownFileType = image.png; path = "Black Rider_Owner.png"; sourceTree = "<group>"; };
		C9F1C5A619845C6800DA2F4A /* Black Rider__Owner@2x.png */ = {isa = PBXFileReference; lastKnownFileType = image.png; path = "Black Rider__Owner@2x.png"; sourceTree = "<group>"; };
		C9F1C5A919845F4900DA2F4A /* PayDepositViewController.h */ = {isa = PBXFileReference; fileEncoding = 4; lastKnownFileType = sourcecode.c.h; path = PayDepositViewController.h; sourceTree = "<group>"; };
		C9F1C5AA19845F5800DA2F4A /* PayDepositViewController.m */ = {isa = PBXFileReference; fileEncoding = 4; lastKnownFileType = sourcecode.c.objc; path = PayDepositViewController.m; sourceTree = "<group>"; };
		D540258117FCC65A001F1164 /* PayPalConfiguration.h */ = {isa = PBXFileReference; fileEncoding = 4; lastKnownFileType = sourcecode.c.h; name = PayPalConfiguration.h; path = ../PayPalMobile/PayPalConfiguration.h; sourceTree = "<group>"; };
		D5463463178F5A2800A2D5F6 /* SystemConfiguration.framework */ = {isa = PBXFileReference; lastKnownFileType = wrapper.framework; name = SystemConfiguration.framework; path = System/Library/Frameworks/SystemConfiguration.framework; sourceTree = SDKROOT; };
		D5709F2F1884CDBF00CCD3CA /* CoreLocation.framework */ = {isa = PBXFileReference; lastKnownFileType = wrapper.framework; name = CoreLocation.framework; path = System/Library/Frameworks/CoreLocation.framework; sourceTree = SDKROOT; };
/* End PBXFileReference section */

/* Begin PBXFrameworksBuildPhase section */
		849BE6E516D4352100E03EEC /* Frameworks */ = {
			isa = PBXFrameworksBuildPhase;
			buildActionMask = 2147483647;
			files = (
				D5709F301884CDBF00CCD3CA /* CoreLocation.framework in Frameworks */,
				C92E2DD519840686007CB709 /* MapKit.framework in Frameworks */,
				C9AA60731983D74B000A48BC /* Accounts.framework in Frameworks */,
				C98D299E1983D5B900F24042 /* StoreKit.framework in Frameworks */,
				C98D299C1983D5AB00F24042 /* libz.dylib in Frameworks */,
				849BE74016D440D700E03EEC /* AudioToolbox.framework in Frameworks */,
				C98D299A1983D59000F24042 /* CFNetwork.framework in Frameworks */,
				D5463464178F5A2800A2D5F6 /* SystemConfiguration.framework in Frameworks */,
				C9AA60711983D71E000A48BC /* Parse.framework in Frameworks */,
				849BE6EC16D4352100E03EEC /* UIKit.framework in Frameworks */,
				849BE6EE16D4352100E03EEC /* Foundation.framework in Frameworks */,
				849BE6F016D4352100E03EEC /* CoreGraphics.framework in Frameworks */,
				849BE72A16D4401C00E03EEC /* libPayPalMobile.a in Frameworks */,
				849BE74116D440D700E03EEC /* CoreMedia.framework in Frameworks */,
				849BE74216D440D700E03EEC /* CoreVideo.framework in Frameworks */,
				849BE74316D440D700E03EEC /* libxml2.dylib in Frameworks */,
				849BE74416D440D700E03EEC /* MessageUI.framework in Frameworks */,
				849BE74516D440D700E03EEC /* MobileCoreServices.framework in Frameworks */,
				849BE74616D440D700E03EEC /* OpenGLES.framework in Frameworks */,
				849BE74716D440D700E03EEC /* QuartzCore.framework in Frameworks */,
				C9AA606D1983D6D9000A48BC /* Social.framework in Frameworks */,
				C9AA606F1983D707000A48BC /* FacebookSDK.framework in Frameworks */,
				849BE74816D440D700E03EEC /* Security.framework in Frameworks */,
				849BE74916D440D700E03EEC /* AVFoundation.framework in Frameworks */,
			);
			runOnlyForDeploymentPostprocessing = 0;
		};
/* End PBXFrameworksBuildPhase section */

/* Begin PBXGroup section */
		849BE6DF16D4352000E03EEC = {
			isa = PBXGroup;
			children = (
				C92E2DD6198407FF007CB709 /* Assets */,
				849BE72B16D4402000E03EEC /* PayPalMobile */,
				849BE6F116D4352100E03EEC /* WildBikes */,
				849BE6EA16D4352100E03EEC /* Frameworks */,
				849BE6E916D4352100E03EEC /* Products */,
			);
			sourceTree = "<group>";
		};
		849BE6E916D4352100E03EEC /* Products */ = {
			isa = PBXGroup;
			children = (
				849BE6E816D4352100E03EEC /* WildBikesPaypalParse.app */,
			);
			name = Products;
			sourceTree = "<group>";
		};
		849BE6EA16D4352100E03EEC /* Frameworks */ = {
			isa = PBXGroup;
			children = (
				C9CD62871983E1070028B08C /* XCTest.framework */,
				C9CD62851983E0EC0028B08C /* MapKit.framework */,
				C9AA60721983D74B000A48BC /* Accounts.framework */,
				C9AA60701983D71E000A48BC /* Parse.framework */,
				C9AA606E1983D707000A48BC /* FacebookSDK.framework */,
				C9AA606C1983D6D9000A48BC /* Social.framework */,
				C98D299D1983D5B900F24042 /* StoreKit.framework */,
				C98D299B1983D5AB00F24042 /* libz.dylib */,
				C98D29991983D59000F24042 /* CFNetwork.framework */,
				D5709F2F1884CDBF00CCD3CA /* CoreLocation.framework */,
				D5463463178F5A2800A2D5F6 /* SystemConfiguration.framework */,
				849BE72E16D440B100E03EEC /* AudioToolbox.framework */,
				849BE72F16D440B100E03EEC /* CoreMedia.framework */,
				849BE73016D440B100E03EEC /* CoreVideo.framework */,
				849BE73116D440B100E03EEC /* libxml2.dylib */,
				849BE73216D440B100E03EEC /* MessageUI.framework */,
				849BE73316D440B200E03EEC /* MobileCoreServices.framework */,
				849BE73416D440B200E03EEC /* OpenGLES.framework */,
				849BE73516D440B200E03EEC /* QuartzCore.framework */,
				849BE73616D440B200E03EEC /* Security.framework */,
				849BE72C16D4407D00E03EEC /* AVFoundation.framework */,
				849BE6EB16D4352100E03EEC /* UIKit.framework */,
				849BE6ED16D4352100E03EEC /* Foundation.framework */,
				849BE6EF16D4352100E03EEC /* CoreGraphics.framework */,
			);
			name = Frameworks;
			sourceTree = "<group>";
		};
		849BE6F116D4352100E03EEC /* WildBikes */ = {
			isa = PBXGroup;
			children = (
				C9CD62891983E1D50028B08C /* MapViewController.h */,
				C9CD628A1983E1D50028B08C /* MapViewController.m */,
				AECF937319843D2E00A1B12D /* Bicycle.h */,
				AECF937419843D2E00A1B12D /* Bicycle.m */,
				849BE6FA16D4352100E03EEC /* AppDelegate.h */,
				849BE6FB16D4352100E03EEC /* AppDelegate.m */,
				849BE70316D4352100E03EEC /* MainStoryboard_iPhone.storyboard */,
				849BE70916D4352100E03EEC /* MainViewController.h */,
				849BE70A16D4352100E03EEC /* MainViewController.m */,
				C98D9E231983E33500C8C102 /* BikeDetailViewController.h */,
				C98D9E241983E33500C8C102 /* BikeDetailViewController.m */,
				C9D1A5291983E37D002512BD /* MyAnnotation.h */,
				C9D1A52A1983E37D002512BD /* MyAnnotation.m */,
				C936E8E4198422550066DED0 /* RidingModeViewController.h */,
				C936E8E5198422550066DED0 /* RidingModeViewController.m */,
				C9337F4F198425C600F2E877 /* ReturnedBikeViewController.h */,
				C9F1C5A919845F4900DA2F4A /* PayDepositViewController.h */,
				C9F1C5AA19845F5800DA2F4A /* PayDepositViewController.m */,
				C9337F50198425C600F2E877 /* ReturnedBikeViewController.m */,
				849BE6F216D4352100E03EEC /* Supporting Files */,
				C9F1C595198450B100DA2F4A /* ThankYouViewController.h */,
				C9F1C596198450B100DA2F4A /* ThankYouViewController.m */,
			);
			name = WildBikes;
			path = "PayPal-iOS-SDK-Sample-App";
			sourceTree = "<group>";
		};
		849BE6F216D4352100E03EEC /* Supporting Files */ = {
			isa = PBXGroup;
			children = (
				849BE6F316D4352100E03EEC /* WildBikesPaypalParse-Info.plist */,
				849BE6F416D4352100E03EEC /* InfoPlist.strings */,
				849BE6F716D4352100E03EEC /* main.m */,
				849BE6F916D4352100E03EEC /* WildBikesPaypalParse-Prefix.pch */,
				849BE6FD16D4352100E03EEC /* Default.png */,
				849BE6FF16D4352100E03EEC /* Default@2x.png */,
				849BE70116D4352100E03EEC /* Default-568h@2x.png */,
				849BE71416D4389D00E03EEC /* Images */,
			);
			name = "Supporting Files";
			sourceTree = "<group>";
		};
		849BE71416D4389D00E03EEC /* Images */ = {
			isa = PBXGroup;
			children = (
				AECF9378198446B200A1B12D /* ios_sample_icon@2x.png */,
				AECF9376198446A700A1B12D /* ios_sample_icon.png */,
				2D48B18416EE8F0800C83CD2 /* check.png */,
				2D48B18516EE8F0800C83CD2 /* check@2x.png */,
				849BE74A16D443EC00E03EEC /* button_secondary_selected.png */,
				849BE74B16D443EC00E03EEC /* button_secondary_selected@2x.png */,
				849BE74C16D443EC00E03EEC /* button_secondary.png */,
				849BE74D16D443EC00E03EEC /* button_secondary@2x.png */,
			);
			path = Images;
			sourceTree = "<group>";
		};
		849BE72B16D4402000E03EEC /* PayPalMobile */ = {
			isa = PBXGroup;
			children = (
				D540258117FCC65A001F1164 /* PayPalConfiguration.h */,
				849BE72716D4401C00E03EEC /* PayPalMobile.h */,
				849BE72816D4401C00E03EEC /* PayPalPayment.h */,
				849BE72916D4401C00E03EEC /* PayPalPaymentViewController.h */,
				849BE72616D4401C00E03EEC /* libPayPalMobile.a */,
			);
			name = PayPalMobile;
			sourceTree = "<group>";
		};
		C92E2DD6198407FF007CB709 /* Assets */ = {
			isa = PBXGroup;
			children = (
				C93A5241198470D1008CB124 /* ImDoneRiding.png */,
				C93A5242198470D1008CB124 /* ImDoneRiding@2x.png */,
				C93A522D19846F98008CB124 /* DonateSmallBtn.png */,
				C93A522E19846F98008CB124 /* DonateSmallBtn@2x.png */,
				C93A522919846976008CB124 /* LightRectangleSmall.png */,
				C93A522A19846976008CB124 /* LightRectangleSmall@2x.png */,
				AE1687A619846A6A00F8C2F5 /* MiniBike3.png */,
				AE1687A719846A6A00F8C2F5 /* MiniBike2.png */,
				AE1687A819846A6A00F8C2F5 /* MiniBike1.png */,
				AE1687A919846A6A00F8C2F5 /* MiniBike3@2x.png */,
				AE1687AA19846A6A00F8C2F5 /* MiniBike2@2x.png */,
				AE1687AB19846A6A00F8C2F5 /* MiniBike1@2x.png */,
				C9F1C5A119845A7200DA2F4A /* Lock.png */,
				C9F1C5A219845A7200DA2F4A /* Lock@2x.png */,
				C9F1C59F198458B700DA2F4A /* OkTakeTheMoneyBtn@2x.png */,
				C9F1C59D198458AE00DA2F4A /* OkTakeTheMoneyBtn.png */,
				C9F1C598198453FB00DA2F4A /* bikeImages */,
				C92E2DD71984080A007CB709 /* BikePhoto.png */,
				C92E2DD81984080A007CB709 /* BikePhoto@2x.png */,
				AECF937A1984495800A1B12D /* BikeMini-13.png */,
				AECF937B1984495800A1B12D /* BikeMini-12.png */,
				C928124B19843EBF00BA09F6 /* BackToHomeBtn@2x.png */,
				C928124919843EB700BA09F6 /* BackToHomeBtn.png */,
				AECF93711984331300A1B12D /* BikeMini-11.png */,
				C9DE7C6E1984345200DABCDE /* Donate15.png */,
				C9DE7C6F1984345200DABCDE /* Donate15@2x.png */,
				C9DE7C6A1984330E00DABCDE /* Collect.png */,
				C9DE7C6B1984330E00DABCDE /* Collect@2x.png */,
				C9DE7C661984327700DABCDE /* LightRectangleLarge.png */,
				C9DE7C671984327700DABCDE /* LightRectangleLarge@2x.png */,
				C9E7F183198424CE008F1E6F /* CancelBtn.png */,
				C9E7F181198424C7008F1E6F /* CancelBtn@2x.png */,
				C9E7F17D198423F8008F1E6F /* PixelBike.png */,
				C9E7F17E198423F8008F1E6F /* PixelBike@2x.png */,
				C92E2DE319840D20007CB709 /* Helmet.png */,
				C92E2DDF19840BE9007CB709 /* Helmet@2x.png */,
				C92E2DD91984080A007CB709 /* RideThisBikeBtn.png */,
				C92E2DDA1984080A007CB709 /* RideThisBikeBtn@2x.png */,
			);
			name = Assets;
			sourceTree = "<group>";
		};
		C9F1C598198453FB00DA2F4A /* bikeImages */ = {
			isa = PBXGroup;
			children = (
				C93A523119846FFD008CB124 /* Speedster@2x.png */,
				C93A523219846FFD008CB124 /* Speedster.png */,
				C93A523319846FFD008CB124 /* Sally@2x.png */,
				C93A523419846FFD008CB124 /* Sally.png */,
				C93A523519846FFD008CB124 /* Pikachu@2x.png */,
				C93A523619846FFD008CB124 /* Pikachu.png */,
				C93A523719846FFD008CB124 /* Dragon@2x.png */,
				C93A523819846FFD008CB124 /* Dragon.png */,
				C9F1C5A519845C6800DA2F4A /* Black Rider_Owner.png */,
				C9F1C5A619845C6800DA2F4A /* Black Rider__Owner@2x.png */,
				C9F1C5991984544900DA2F4A /* Black Rider.png */,
				C9F1C59A1984544900DA2F4A /* Black Rider@2x.png */,
			);
			name = bikeImages;
			sourceTree = "<group>";
		};
/* End PBXGroup section */

/* Begin PBXNativeTarget section */
		849BE6E716D4352100E03EEC /* WildBikesPaypalParse */ = {
			isa = PBXNativeTarget;
			buildConfigurationList = 849BE71116D4352100E03EEC /* Build configuration list for PBXNativeTarget "WildBikesPaypalParse" */;
			buildPhases = (
				849BE6E416D4352100E03EEC /* Sources */,
				849BE6E516D4352100E03EEC /* Frameworks */,
				849BE6E616D4352100E03EEC /* Resources */,
			);
			buildRules = (
			);
			dependencies = (
			);
			name = WildBikesPaypalParse;
			productName = "PayPal-iOS-SDK-Sample-App";
			productReference = 849BE6E816D4352100E03EEC /* WildBikesPaypalParse.app */;
			productType = "com.apple.product-type.application";
		};
/* End PBXNativeTarget section */

/* Begin PBXProject section */
		849BE6E016D4352000E03EEC /* Project object */ = {
			isa = PBXProject;
			attributes = {
				CLASSPREFIX = "";
				LastUpgradeCheck = 0460;
				ORGANIZATIONNAME = WildBikes;
				TargetAttributes = {
					849BE6E716D4352100E03EEC = {
						DevelopmentTeam = 3SL39F2287;
						SystemCapabilities = {
							com.apple.iOS = {
								enabled = 1;
							};
						};
					};
				};
			};
			buildConfigurationList = 849BE6E316D4352000E03EEC /* Build configuration list for PBXProject "WildBikesPaypalParse" */;
			compatibilityVersion = "Xcode 3.2";
			developmentRegion = English;
			hasScannedForEncodings = 0;
			knownRegions = (
				en,
			);
			mainGroup = 849BE6DF16D4352000E03EEC;
			productRefGroup = 849BE6E916D4352100E03EEC /* Products */;
			projectDirPath = "";
			projectRoot = "";
			targets = (
				849BE6E716D4352100E03EEC /* WildBikesPaypalParse */,
			);
		};
/* End PBXProject section */

/* Begin PBXResourcesBuildPhase section */
		849BE6E616D4352100E03EEC /* Resources */ = {
			isa = PBXResourcesBuildPhase;
			buildActionMask = 2147483647;
			files = (
				C9F1C59B1984544900DA2F4A /* Black Rider.png in Resources */,
				C92E2DE119840BE9007CB709 /* Helmet@2x.png in Resources */,
				AECF93721984331300A1B12D /* BikeMini-11.png in Resources */,
				C9DE7C6D1984330E00DABCDE /* Collect@2x.png in Resources */,
				C92E2DE419840D20007CB709 /* Helmet.png in Resources */,
				849BE6F616D4352100E03EEC /* InfoPlist.strings in Resources */,
				C93A523019846F98008CB124 /* DonateSmallBtn@2x.png in Resources */,
				C9F1C59C1984544900DA2F4A /* Black Rider@2x.png in Resources */,
				AE1687B019846A6A00F8C2F5 /* MiniBike2@2x.png in Resources */,
				C9F1C5A0198458B700DA2F4A /* OkTakeTheMoneyBtn@2x.png in Resources */,
				C92E2DDD1984080A007CB709 /* RideThisBikeBtn.png in Resources */,
				849BE6FE16D4352100E03EEC /* Default.png in Resources */,
				AE1687AD19846A6A00F8C2F5 /* MiniBike2.png in Resources */,
				849BE70016D4352100E03EEC /* Default@2x.png in Resources */,
				849BE70216D4352100E03EEC /* Default-568h@2x.png in Resources */,
				C92E2DDE1984080A007CB709 /* RideThisBikeBtn@2x.png in Resources */,
				C93A524019846FFD008CB124 /* Dragon.png in Resources */,
				C93A522C19846976008CB124 /* LightRectangleSmall@2x.png in Resources */,
				C9DE7C691984327700DABCDE /* LightRectangleLarge@2x.png in Resources */,
				849BE70516D4352100E03EEC /* MainStoryboard_iPhone.storyboard in Resources */,
				C93A5243198470D1008CB124 /* ImDoneRiding.png in Resources */,
				C9E7F17F198423F8008F1E6F /* PixelBike.png in Resources */,
				C93A523D19846FFD008CB124 /* Pikachu@2x.png in Resources */,
				C93A523919846FFD008CB124 /* Speedster@2x.png in Resources */,
				C9DE7C701984345200DABCDE /* Donate15.png in Resources */,
				C9F1C5A419845A7200DA2F4A /* Lock@2x.png in Resources */,
				C93A523F19846FFD008CB124 /* Dragon@2x.png in Resources */,
				C93A522F19846F98008CB124 /* DonateSmallBtn.png in Resources */,
				C9DE7C681984327700DABCDE /* LightRectangleLarge.png in Resources */,
				C93A523B19846FFD008CB124 /* Sally@2x.png in Resources */,
				AECF937C1984495800A1B12D /* BikeMini-13.png in Resources */,
				C9F1C59E198458AE00DA2F4A /* OkTakeTheMoneyBtn.png in Resources */,
				C9DE7C711984345200DABCDE /* Donate15@2x.png in Resources */,
				C9F1C5A319845A7200DA2F4A /* Lock.png in Resources */,
				AE1687AF19846A6A00F8C2F5 /* MiniBike3@2x.png in Resources */,
				C928124C19843EBF00BA09F6 /* BackToHomeBtn@2x.png in Resources */,
				C93A5244198470D1008CB124 /* ImDoneRiding@2x.png in Resources */,
				C9E7F180198423F8008F1E6F /* PixelBike@2x.png in Resources */,
				C928124A19843EB700BA09F6 /* BackToHomeBtn.png in Resources */,
				C92E2DDC1984080A007CB709 /* BikePhoto@2x.png in Resources */,
				C93A523A19846FFD008CB124 /* Speedster.png in Resources */,
				849BE74E16D443EC00E03EEC /* button_secondary_selected.png in Resources */,
				C93A523E19846FFD008CB124 /* Pikachu.png in Resources */,
				C9F1C5A719845C6800DA2F4A /* Black Rider_Owner.png in Resources */,
				C93A523C19846FFD008CB124 /* Sally.png in Resources */,
				849BE74F16D443EC00E03EEC /* button_secondary_selected@2x.png in Resources */,
				849BE75016D443EC00E03EEC /* button_secondary.png in Resources */,
				C93A522B19846976008CB124 /* LightRectangleSmall.png in Resources */,
				849BE75116D443EC00E03EEC /* button_secondary@2x.png in Resources */,
				C9F1C5A819845C6800DA2F4A /* Black Rider__Owner@2x.png in Resources */,
				C92E2DDB1984080A007CB709 /* BikePhoto.png in Resources */,
				2D48B18616EE8F0800C83CD2 /* check.png in Resources */,
				AE1687B119846A6A00F8C2F5 /* MiniBike1@2x.png in Resources */,
				AE1687AE19846A6A00F8C2F5 /* MiniBike1.png in Resources */,
				C9DE7C6C1984330E00DABCDE /* Collect.png in Resources */,
				AE1687AC19846A6A00F8C2F5 /* MiniBike3.png in Resources */,
				AECF937D1984495800A1B12D /* BikeMini-12.png in Resources */,
				AECF9379198446B200A1B12D /* ios_sample_icon@2x.png in Resources */,
				AECF9377198446A700A1B12D /* ios_sample_icon.png in Resources */,
				C9E7F184198424CE008F1E6F /* CancelBtn.png in Resources */,
				2D48B18716EE8F0800C83CD2 /* check@2x.png in Resources */,
				C9E7F182198424C7008F1E6F /* CancelBtn@2x.png in Resources */,
			);
			runOnlyForDeploymentPostprocessing = 0;
		};
/* End PBXResourcesBuildPhase section */

/* Begin PBXSourcesBuildPhase section */
		849BE6E416D4352100E03EEC /* Sources */ = {
			isa = PBXSourcesBuildPhase;
			buildActionMask = 2147483647;
			files = (
				C98D9E251983E33500C8C102 /* BikeDetailViewController.m in Sources */,
				C9F1C597198450B100DA2F4A /* ThankYouViewController.m in Sources */,
				849BE6F816D4352100E03EEC /* main.m in Sources */,
				C9337F51198425C600F2E877 /* ReturnedBikeViewController.m in Sources */,
				849BE6FC16D4352100E03EEC /* AppDelegate.m in Sources */,
				C9CD628B1983E1D50028B08C /* MapViewController.m in Sources */,
				C9D1A52B1983E37D002512BD /* MyAnnotation.m in Sources */,
				849BE70B16D4352100E03EEC /* MainViewController.m in Sources */,
				C936E8E6198422550066DED0 /* RidingModeViewController.m in Sources */,
				AECF937519843D2E00A1B12D /* Bicycle.m in Sources */,
				C9F1C5AB19845F5800DA2F4A /* PayDepositViewController.m in Sources */,
			);
			runOnlyForDeploymentPostprocessing = 0;
		};
/* End PBXSourcesBuildPhase section */

/* Begin PBXVariantGroup section */
		849BE6F416D4352100E03EEC /* InfoPlist.strings */ = {
			isa = PBXVariantGroup;
			children = (
				849BE6F516D4352100E03EEC /* en */,
			);
			name = InfoPlist.strings;
			sourceTree = "<group>";
		};
		849BE70316D4352100E03EEC /* MainStoryboard_iPhone.storyboard */ = {
			isa = PBXVariantGroup;
			children = (
				849BE70416D4352100E03EEC /* en */,
			);
			name = MainStoryboard_iPhone.storyboard;
			sourceTree = "<group>";
		};
/* End PBXVariantGroup section */

/* Begin XCBuildConfiguration section */
		849BE70F16D4352100E03EEC /* Debug */ = {
			isa = XCBuildConfiguration;
			buildSettings = {
				ALWAYS_SEARCH_USER_PATHS = NO;
				CLANG_CXX_LANGUAGE_STANDARD = "gnu++0x";
				CLANG_CXX_LIBRARY = "libc++";
				CLANG_ENABLE_OBJC_ARC = YES;
				CLANG_WARN_CONSTANT_CONVERSION = YES;
				CLANG_WARN_EMPTY_BODY = YES;
				CLANG_WARN_ENUM_CONVERSION = YES;
				CLANG_WARN_INT_CONVERSION = YES;
				CLANG_WARN__DUPLICATE_METHOD_MATCH = YES;
				"CODE_SIGN_IDENTITY[sdk=iphoneos*]" = "iPhone Developer";
				COPY_PHASE_STRIP = NO;
				GCC_C_LANGUAGE_STANDARD = gnu99;
				GCC_DYNAMIC_NO_PIC = NO;
				GCC_OPTIMIZATION_LEVEL = 0;
				GCC_PREPROCESSOR_DEFINITIONS = (
					"DEBUG=1",
					"$(inherited)",
				);
				GCC_SYMBOLS_PRIVATE_EXTERN = NO;
				GCC_WARN_ABOUT_RETURN_TYPE = YES;
				GCC_WARN_UNINITIALIZED_AUTOS = YES;
				GCC_WARN_UNUSED_VARIABLE = YES;
				IPHONEOS_DEPLOYMENT_TARGET = 6.0;
				ONLY_ACTIVE_ARCH = YES;
				SDKROOT = iphoneos;
				TARGETED_DEVICE_FAMILY = "1,2";
			};
			name = Debug;
		};
		849BE71016D4352100E03EEC /* Release */ = {
			isa = XCBuildConfiguration;
			buildSettings = {
				ALWAYS_SEARCH_USER_PATHS = NO;
				CLANG_CXX_LANGUAGE_STANDARD = "gnu++0x";
				CLANG_CXX_LIBRARY = "libc++";
				CLANG_ENABLE_OBJC_ARC = YES;
				CLANG_WARN_CONSTANT_CONVERSION = YES;
				CLANG_WARN_EMPTY_BODY = YES;
				CLANG_WARN_ENUM_CONVERSION = YES;
				CLANG_WARN_INT_CONVERSION = YES;
				CLANG_WARN__DUPLICATE_METHOD_MATCH = YES;
				"CODE_SIGN_IDENTITY[sdk=iphoneos*]" = "iPhone Developer";
				COPY_PHASE_STRIP = YES;
				GCC_C_LANGUAGE_STANDARD = gnu99;
				GCC_WARN_ABOUT_RETURN_TYPE = YES;
				GCC_WARN_UNINITIALIZED_AUTOS = YES;
				GCC_WARN_UNUSED_VARIABLE = YES;
				IPHONEOS_DEPLOYMENT_TARGET = 6.0;
				OTHER_CFLAGS = "-DNS_BLOCK_ASSERTIONS=1";
				SDKROOT = iphoneos;
				TARGETED_DEVICE_FAMILY = "1,2";
				VALIDATE_PRODUCT = YES;
			};
			name = Release;
		};
		849BE71216D4352100E03EEC /* Debug */ = {
			isa = XCBuildConfiguration;
			buildSettings = {
				CODE_SIGN_IDENTITY = "iPhone Developer";
				"CODE_SIGN_IDENTITY[sdk=iphoneos*]" = "iPhone Developer";
				FRAMEWORK_SEARCH_PATHS = (
					"$(inherited)",
					"$(PROJECT_DIR)",
					"$(DEVELOPER_FRAMEWORKS_DIR)",
				);
				GCC_PRECOMPILE_PREFIX_HEADER = YES;
				GCC_PREFIX_HEADER = "PayPal-iOS-SDK-Sample-App/WildBikesPaypalParse-Prefix.pch";
				INFOPLIST_FILE = "PayPal-iOS-SDK-Sample-App/WildBikesPaypalParse-Info.plist";
				IPHONEOS_DEPLOYMENT_TARGET = 7.0;
				LIBRARY_SEARCH_PATHS = (
					"$(inherited)",
					"\"$(SRCROOT)/../PayPalMobile\"",
				);
				OTHER_LDFLAGS = (
					"-lc++",
					"-ObjC",
				);
				PRODUCT_NAME = WildBikesPaypalParse;
				PROVISIONING_PROFILE = "";
				TARGETED_DEVICE_FAMILY = 1;
				WRAPPER_EXTENSION = app;
			};
			name = Debug;
		};
		849BE71316D4352100E03EEC /* Release */ = {
			isa = XCBuildConfiguration;
			buildSettings = {
				CODE_SIGN_IDENTITY = "iPhone Developer";
				"CODE_SIGN_IDENTITY[sdk=iphoneos*]" = "iPhone Developer";
				FRAMEWORK_SEARCH_PATHS = (
					"$(inherited)",
					"$(PROJECT_DIR)",
					"$(DEVELOPER_FRAMEWORKS_DIR)",
				);
				GCC_PRECOMPILE_PREFIX_HEADER = YES;
				GCC_PREFIX_HEADER = "PayPal-iOS-SDK-Sample-App/WildBikesPaypalParse-Prefix.pch";
				INFOPLIST_FILE = "PayPal-iOS-SDK-Sample-App/WildBikesPaypalParse-Info.plist";
				IPHONEOS_DEPLOYMENT_TARGET = 7.0;
				LIBRARY_SEARCH_PATHS = (
					"$(inherited)",
					"\"$(SRCROOT)/../PayPalMobile\"",
				);
				OTHER_LDFLAGS = (
					"-lc++",
					"-ObjC",
				);
				PRODUCT_NAME = WildBikesPaypalParse;
				PROVISIONING_PROFILE = "";
				TARGETED_DEVICE_FAMILY = 1;
				WRAPPER_EXTENSION = app;
			};
			name = Release;
		};
/* End XCBuildConfiguration section */

/* Begin XCConfigurationList section */
		849BE6E316D4352000E03EEC /* Build configuration list for PBXProject "WildBikesPaypalParse" */ = {
			isa = XCConfigurationList;
			buildConfigurations = (
				849BE70F16D4352100E03EEC /* Debug */,
				849BE71016D4352100E03EEC /* Release */,
			);
			defaultConfigurationIsVisible = 0;
			defaultConfigurationName = Release;
		};
		849BE71116D4352100E03EEC /* Build configuration list for PBXNativeTarget "WildBikesPaypalParse" */ = {
			isa = XCConfigurationList;
			buildConfigurations = (
				849BE71216D4352100E03EEC /* Debug */,
				849BE71316D4352100E03EEC /* Release */,
			);
			defaultConfigurationIsVisible = 0;
			defaultConfigurationName = Release;
		};
/* End XCConfigurationList section */
	};
	rootObject = 849BE6E016D4352000E03EEC /* Project object */;
}
